// !$*UTF8*$!
{
	archiveVersion = 1;
	classes = {
	};
	objectVersion = 46;
	objects = {

/* Begin PBXBuildFile section */
		50119EEC1CF119850044ECAD /* AppDelegate.swift in Sources */ = {isa = PBXBuildFile; fileRef = 50119EEB1CF119850044ECAD /* AppDelegate.swift */; };
		50119EEE1CF119850044ECAD /* ViewController.swift in Sources */ = {isa = PBXBuildFile; fileRef = 50119EED1CF119850044ECAD /* ViewController.swift */; };
		50119EF11CF119850044ECAD /* Main.storyboard in Resources */ = {isa = PBXBuildFile; fileRef = 50119EEF1CF119850044ECAD /* Main.storyboard */; };
		50119EF41CF119850044ECAD /* Horoscope.xcdatamodeld in Sources */ = {isa = PBXBuildFile; fileRef = 50119EF21CF119850044ECAD /* Horoscope.xcdatamodeld */; };
		50119EF61CF119850044ECAD /* Assets.xcassets in Resources */ = {isa = PBXBuildFile; fileRef = 50119EF51CF119850044ECAD /* Assets.xcassets */; };
		50119EF91CF119850044ECAD /* LaunchScreen.storyboard in Resources */ = {isa = PBXBuildFile; fileRef = 50119EF71CF119850044ECAD /* LaunchScreen.storyboard */; };
/* End PBXBuildFile section */

/* Begin PBXFileReference section */
		50119EE81CF119850044ECAD /* Horoscope.app */ = {isa = PBXFileReference; explicitFileType = wrapper.application; includeInIndex = 0; path = Horoscope.app; sourceTree = BUILT_PRODUCTS_DIR; };
		50119EEB1CF119850044ECAD /* AppDelegate.swift */ = {isa = PBXFileReference; lastKnownFileType = sourcecode.swift; path = AppDelegate.swift; sourceTree = "<group>"; };
		50119EED1CF119850044ECAD /* ViewController.swift */ = {isa = PBXFileReference; lastKnownFileType = sourcecode.swift; path = ViewController.swift; sourceTree = "<group>"; };
		50119EF01CF119850044ECAD /* Base */ = {isa = PBXFileReference; lastKnownFileType = file.storyboard; name = Base; path = Base.lproj/Main.storyboard; sourceTree = "<group>"; };
		50119EF31CF119850044ECAD /* Horoscope.xcdatamodel */ = {isa = PBXFileReference; lastKnownFileType = wrapper.xcdatamodel; path = Horoscope.xcdatamodel; sourceTree = "<group>"; };
		50119EF51CF119850044ECAD /* Assets.xcassets */ = {isa = PBXFileReference; lastKnownFileType = folder.assetcatalog; path = Assets.xcassets; sourceTree = "<group>"; };
		50119EF81CF119850044ECAD /* Base */ = {isa = PBXFileReference; lastKnownFileType = file.storyboard; name = Base; path = Base.lproj/LaunchScreen.storyboard; sourceTree = "<group>"; };
		50119EFA1CF119850044ECAD /* Info.plist */ = {isa = PBXFileReference; lastKnownFileType = text.plist.xml; path = Info.plist; sourceTree = "<group>"; };
/* End PBXFileReference section */

/* Begin PBXFrameworksBuildPhase section */
		50119EE51CF119850044ECAD /* Frameworks */ = {
			isa = PBXFrameworksBuildPhase;
			buildActionMask = 2147483647;
			files = (
			);
			runOnlyForDeploymentPostprocessing = 0;
		};
/* End PBXFrameworksBuildPhase section */

/* Begin PBXGroup section */
		50119EDF1CF119850044ECAD = {
			isa = PBXGroup;
			children = (
				50119EEA1CF119850044ECAD /* Horoscope */,
				50119EE91CF119850044ECAD /* Products */,
			);
			sourceTree = "<group>";
		};
		50119EE91CF119850044ECAD /* Products */ = {
			isa = PBXGroup;
			children = (
				50119EE81CF119850044ECAD /* Horoscope.app */,
			);
			name = Products;
			sourceTree = "<group>";
		};
		50119EEA1CF119850044ECAD /* Horoscope */ = {
			isa = PBXGroup;
			children = (
				50119EEB1CF119850044ECAD /* AppDelegate.swift */,
				50119EED1CF119850044ECAD /* ViewController.swift */,
				50119EEF1CF119850044ECAD /* Main.storyboard */,
				50119EF51CF119850044ECAD /* Assets.xcassets */,
				50119EF71CF119850044ECAD /* LaunchScreen.storyboard */,
				50119EFA1CF119850044ECAD /* Info.plist */,
				50119EF21CF119850044ECAD /* Horoscope.xcdatamodeld */,
			);
			path = Horoscope;
			sourceTree = "<group>";
		};
/* End PBXGroup section */

/* Begin PBXNativeTarget section */
		50119EE71CF119850044ECAD /* Horoscope */ = {
			isa = PBXNativeTarget;
			buildConfigurationList = 50119EFD1CF119850044ECAD /* Build configuration list for PBXNativeTarget "Horoscope" */;
			buildPhases = (
				50119EE41CF119850044ECAD /* Sources */,
				50119EE51CF119850044ECAD /* Frameworks */,
				50119EE61CF119850044ECAD /* Resources */,
			);
			buildRules = (
			);
			dependencies = (
			);
			name = Horoscope;
			productName = Horoscope;
			productReference = 50119EE81CF119850044ECAD /* Horoscope.app */;
			productType = "com.apple.product-type.application";
		};
/* End PBXNativeTarget section */

/* Begin PBXProject section */
		50119EE01CF119850044ECAD /* Project object */ = {
			isa = PBXProject;
			attributes = {
				LastSwiftUpdateCheck = 0730;
				LastUpgradeCheck = 0730;
				ORGANIZATIONNAME = "Jovanny Espinal";
				TargetAttributes = {
					50119EE71CF119850044ECAD = {
						CreatedOnToolsVersion = 7.3.1;
					};
				};
			};
			buildConfigurationList = 50119EE31CF119850044ECAD /* Build configuration list for PBXProject "Horoscope" */;
			compatibilityVersion = "Xcode 3.2";
			developmentRegion = English;
			hasScannedForEncodings = 0;
			knownRegions = (
				en,
				Base,
			);
			mainGroup = 50119EDF1CF119850044ECAD;
			productRefGroup = 50119EE91CF119850044ECAD /* Products */;
			projectDirPath = "";
			projectRoot = "";
			targets = (
				50119EE71CF119850044ECAD /* Horoscope */,
			);
		};
/* End PBXProject section */

/* Begin PBXResourcesBuildPhase section */
		50119EE61CF119850044ECAD /* Resources */ = {
			isa = PBXResourcesBuildPhase;
			buildActionMask = 2147483647;
			files = (
				50119EF91CF119850044ECAD /* LaunchScreen.storyboard in Resources */,
				50119EF61CF119850044ECAD /* Assets.xcassets in Resources */,
				50119EF11CF119850044ECAD /* Main.storyboard in Resources */,
			);
			runOnlyForDeploymentPostprocessing = 0;
		};
/* End PBXResourcesBuildPhase section */

/* Begin PBXSourcesBuildPhase section */
		50119EE41CF119850044ECAD /* Sources */ = {
			isa = PBXSourcesBuildPhase;
			buildActionMask = 2147483647;
			files = (
				50119EF41CF119850044ECAD /* Horoscope.xcdatamodeld in Sources */,
				50119EEE1CF119850044ECAD /* ViewController.swift in Sources */,
				50119EEC1CF119850044ECAD /* AppDelegate.swift in Sources */,
			);
			runOnlyForDeploymentPostprocessing = 0;
		};
/* End PBXSourcesBuildPhase section */

/* Begin PBXVariantGroup section */
		50119EEF1CF119850044ECAD /* Main.storyboard */ = {
			isa = PBXVariantGroup;
			children = (
				50119EF01CF119850044ECAD /* Base */,
			);
			name = Main.storyboard;
			sourceTree = "<group>";
		};
		50119EF71CF119850044ECAD /* LaunchScreen.storyboard */ = {
			isa = PBXVariantGroup;
			children = (
				50119EF81CF119850044ECAD /* Base */,
			);
			name = LaunchScreen.storyboard;
			sourceTree = "<group>";
		};
/* End PBXVariantGroup section */

/* Begin XCBuildConfiguration section */
		50119EFB1CF119850044ECAD /* Debug */ = {
			isa = XCBuildConfiguration;
			buildSettings = {
				ALWAYS_SEARCH_USER_PATHS = NO;
				CLANG_ANALYZER_NONNULL = YES;
				CLANG_CXX_LANGUAGE_STANDARD = "gnu++0x";
				CLANG_CXX_LIBRARY = "libc++";
				CLANG_ENABLE_MODULES = YES;
				CLANG_ENABLE_OBJC_ARC = YES;
				CLANG_WARN_BOOL_CONVERSION = YES;
				CLANG_WARN_CONSTANT_CONVERSION = YES;
				CLANG_WARN_DIRECT_OBJC_ISA_USAGE = YES_ERROR;
				CLANG_WARN_EMPTY_BODY = YES;
				CLANG_WARN_ENUM_CONVERSION = YES;
				CLANG_WARN_INT_CONVERSION = YES;
				CLANG_WARN_OBJC_ROOT_CLASS = YES_ERROR;
				CLANG_WARN_UNREACHABLE_CODE = YES;
				CLANG_WARN__DUPLICATE_METHOD_MATCH = YES;
				"CODE_SIGN_IDENTITY[sdk=iphoneos*]" = "iPhone Developer";
				COPY_PHASE_STRIP = NO;
				DEBUG_INFORMATION_FORMAT = dwarf;
				ENABLE_STRICT_OBJC_MSGSEND = YES;
				ENABLE_TESTABILITY = YES;
				GCC_C_LANGUAGE_STANDARD = gnu99;
				GCC_DYNAMIC_NO_PIC = NO;
				GCC_NO_COMMON_BLOCKS = YES;
				GCC_OPTIMIZATION_LEVEL = 0;
				GCC_PREPROCESSOR_DEFINITIONS = (
					"DEBUG=1",
					"$(inherited)",
				);
				GCC_WARN_64_TO_32_BIT_CONVERSION = YES;
				GCC_WARN_ABOUT_RETURN_TYPE = YES_ERROR;
				GCC_WARN_UNDECLARED_SELECTOR = YES;
				GCC_WARN_UNINITIALIZED_AUTOS = YES_AGGRESSIVE;
				GCC_WARN_UNUSED_FUNCTION = YES;
				GCC_WARN_UNUSED_VARIABLE = YES;
				IPHONEOS_DEPLOYMENT_TARGET = 9.3;
				MTL_ENABLE_DEBUG_INFO = YES;
				ONLY_ACTIVE_ARCH = YES;
				SDKROOT = iphoneos;
				SWIFT_OPTIMIZATION_LEVEL = "-Onone";
			};
			name = Debug;
		};
		50119EFC1CF119850044ECAD /* Release */ = {
			isa = XCBuildConfiguration;
			buildSettings = {
				ALWAYS_SEARCH_USER_PATHS = NO;
				CLANG_ANALYZER_NONNULL = YES;
				CLANG_CXX_LANGUAGE_STANDARD = "gnu++0x";
				CLANG_CXX_LIBRARY = "libc++";
				CLANG_ENABLE_MODULES = YES;
				CLANG_ENABLE_OBJC_ARC = YES;
				CLANG_WARN_BOOL_CONVERSION = YES;
				CLANG_WARN_CONSTANT_CONVERSION = YES;
				CLANG_WARN_DIRECT_OBJC_ISA_USAGE = YES_ERROR;
				CLANG_WARN_EMPTY_BODY = YES;
				CLANG_WARN_ENUM_CONVERSION = YES;
				CLANG_WARN_INT_CONVERSION = YES;
				CLANG_WARN_OBJC_ROOT_CLASS = YES_ERROR;
				CLANG_WARN_UNREACHABLE_CODE = YES;
				CLANG_WARN__DUPLICATE_METHOD_MATCH = YES;
				"CODE_SIGN_IDENTITY[sdk=iphoneos*]" = "iPhone Developer";
				COPY_PHASE_STRIP = NO;
				DEBUG_INFORMATION_FORMAT = "dwarf-with-dsym";
				ENABLE_NS_ASSERTIONS = NO;
				ENABLE_STRICT_OBJC_MSGSEND = YES;
				GCC_C_LANGUAGE_STANDARD = gnu99;
				GCC_NO_COMMON_BLOCKS = YES;
				GCC_WARN_64_TO_32_BIT_CONVERSION = YES;
				GCC_WARN_ABOUT_RETURN_TYPE = YES_ERROR;
				GCC_WARN_UNDECLARED_SELECTOR = YES;
				GCC_WARN_UNINITIALIZED_AUTOS = YES_AGGRESSIVE;
				GCC_WARN_UNUSED_FUNCTION = YES;
				GCC_WARN_UNUSED_VARIABLE = YES;
				IPHONEOS_DEPLOYMENT_TARGET = 9.3;
				MTL_ENABLE_DEBUG_INFO = NO;
				SDKROOT = iphoneos;
				VALIDATE_PRODUCT = YES;
			};
			name = Release;
		};
		50119EFE1CF119850044ECAD /* Debug */ = {
			isa = XCBuildConfiguration;
			buildSettings = {
				ASSETCATALOG_COMPILER_APPICON_NAME = AppIcon;
				INFOPLIST_FILE = Horoscope/Info.plist;
				LD_RUNPATH_SEARCH_PATHS = "$(inherited) @executable_path/Frameworks";
				PRODUCT_BUNDLE_IDENTIFIER = com.jovannyespinal.Horoscope;
				PRODUCT_NAME = "$(TARGET_NAME)";
			};
			name = Debug;
		};
		50119EFF1CF119850044ECAD /* Release */ = {
			isa = XCBuildConfiguration;
			buildSettings = {
				ASSETCATALOG_COMPILER_APPICON_NAME = AppIcon;
				INFOPLIST_FILE = Horoscope/Info.plist;
				LD_RUNPATH_SEARCH_PATHS = "$(inherited) @executable_path/Frameworks";
				PRODUCT_BUNDLE_IDENTIFIER = com.jovannyespinal.Horoscope;
				PRODUCT_NAME = "$(TARGET_NAME)";
			};
			name = Release;
		};
/* End XCBuildConfiguration section */

/* Begin XCConfigurationList section */
		50119EE31CF119850044ECAD /* Build configuration list for PBXProject "Horoscope" */ = {
			isa = XCConfigurationList;
			buildConfigurations = (
				50119EFB1CF119850044ECAD /* Debug */,
				50119EFC1CF119850044ECAD /* Release */,
			);
			defaultConfigurationIsVisible = 0;
			defaultConfigurationName = Release;
		};
		50119EFD1CF119850044ECAD /* Build configuration list for PBXNativeTarget "Horoscope" */ = {
			isa = XCConfigurationList;
			buildConfigurations = (
				50119EFE1CF119850044ECAD /* Debug */,
				50119EFF1CF119850044ECAD /* Release */,
			);
			defaultConfigurationIsVisible = 0;
		};
/* End XCConfigurationList section */

/* Begin XCVersionGroup section */
		50119EF21CF119850044ECAD /* Horoscope.xcdatamodeld */ = {
			isa = XCVersionGroup;
			children = (
				50119EF31CF119850044ECAD /* Horoscope.xcdatamodel */,
			);
			currentVersion = 50119EF31CF119850044ECAD /* Horoscope.xcdatamodel */;
			path = Horoscope.xcdatamodeld;
			sourceTree = "<group>";
			versionGroupType = wrapper.xcdatamodel;
		};
/* End XCVersionGroup section */
	};
	rootObject = 50119EE01CF119850044ECAD /* Project object */;
}
